
Microsoft Visual Studio Solution File, Format Version 12.00
# Visual Studio Version 17
VisualStudioVersion = 17.2.32616.157
MinimumVisualStudioVersion = 10.0.40219.1
Project("{FAE04EC0-301F-11D3-BF4B-00C04F79EFBC}") = "House Appliance Rental System", "House Appliance Rental System.csproj", "{B4C4120F-25FB-45D8-B5C7-A97566B38125}"
EndProject
Global
	GlobalSection(SolutionConfigurationPlatforms) = preSolution
		Debug|Any CPU = Debug|Any CPU
		Release|Any CPU = Release|Any CPU
	EndGlobalSection
	GlobalSection(ProjectConfigurationPlatforms) = postSolution
		{B4C4120F-25FB-45D8-B5C7-A97566B38125}.Debug|Any CPU.ActiveCfg = Debug|Any CPU
		{B4C4120F-25FB-45D8-B5C7-A97566B38125}.Debug|Any CPU.Build.0 = Debug|Any CPU
		{B4C4120F-25FB-45D8-B5C7-A97566B38125}.Release|Any CPU.ActiveCfg = Release|Any CPU
		{B4C4120F-25FB-45D8-B5C7-A97566B38125}.Release|Any CPU.Build.0 = Release|Any CPU
	EndGlobalSection
	GlobalSection(SolutionProperties) = preSolution
		HideSolutionNode = FALSE
	EndGlobalSection
	GlobalSection(ExtensibilityGlobals) = postSolution
		SolutionGuid = {F946EED9-5866-47A2-B50F-1A96FA3F281C}
	EndGlobalSection
EndGlobal
